
Microsoft Visual Studio Solution File, Format Version 12.00
Project("{FAE04EC0-301F-11D3-BF4B-00C04F79EFBC}") = "CoursesService.API", "Services\Courses\CoursesService.API\CoursesService.API.csproj", "{62DAA3D0-D184-475A-A880-C2E671DFE68F}"
EndProject
Global
	GlobalSection(SolutionConfigurationPlatforms) = preSolution
		Debug|Any CPU = Debug|Any CPU
		Release|Any CPU = Release|Any CPU
	EndGlobalSection
	GlobalSection(ProjectConfigurationPlatforms) = postSolution
		{62DAA3D0-D184-475A-A880-C2E671DFE68F}.Debug|Any CPU.ActiveCfg = Debug|Any CPU
		{62DAA3D0-D184-475A-A880-C2E671DFE68F}.Debug|Any CPU.Build.0 = Debug|Any CPU
		{62DAA3D0-D184-475A-A880-C2E671DFE68F}.Release|Any CPU.ActiveCfg = Release|Any CPU
		{62DAA3D0-D184-475A-A880-C2E671DFE68F}.Release|Any CPU.Build.0 = Release|Any CPU
	EndGlobalSection
EndGlobal
